
Microsoft Visual Studio Solution File, Format Version 12.00
# Visual Studio Version 17
VisualStudioVersion = 17.14.37111.16 d17.14
MinimumVisualStudioVersion = 10.0.40219.1
Project("{FAE04EC0-301F-11D3-BF4B-00C04F79EFBC}") = "WebBanHang", "WebBanHang\WebBanHang.csproj", "{27FB87FA-0BB6-4D7F-89A8-516444D7B44D}"
EndProject
Global
	GlobalSection(SolutionConfigurationPlatforms) = preSolution
		Debug|Any CPU = Debug|Any CPU
		Release|Any CPU = Release|Any CPU
	EndGlobalSection
	GlobalSection(ProjectConfigurationPlatforms) = postSolution
		{27FB87FA-0BB6-4D7F-89A8-516444D7B44D}.Debug|Any CPU.ActiveCfg = Debug|Any CPU
		{27FB87FA-0BB6-4D7F-89A8-516444D7B44D}.Debug|Any CPU.Build.0 = Debug|Any CPU
		{27FB87FA-0BB6-4D7F-89A8-516444D7B44D}.Release|Any CPU.ActiveCfg = Release|Any CPU
		{27FB87FA-0BB6-4D7F-89A8-516444D7B44D}.Release|Any CPU.Build.0 = Release|Any CPU
	EndGlobalSection
	GlobalSection(SolutionProperties) = preSolution
		HideSolutionNode = FALSE
	EndGlobalSection
	GlobalSection(ExtensibilityGlobals) = postSolution
		SolutionGuid = {27E5AC76-88B2-4533-A109-DF04CB10AD7E}
	EndGlobalSection
EndGlobal
